
Microsoft Visual Studio Solution File, Format Version 12.00
# Visual Studio 15
Project("{FAE04EC0-301F-11D3-BF4B-00C04F79EFBC}") = "Assembly-CSharp", "Assembly-CSharp.csproj", "{C8B43F5E-75EA-CDDD-F104-8CE38109F5BD}"
EndProject
Project("{FAE04EC0-301F-11D3-BF4B-00C04F79EFBC}") = "UniRx", "UniRx.csproj", "{95F9519C-DB88-760A-62F1-136A763E52B9}"
EndProject
Project("{FAE04EC0-301F-11D3-BF4B-00C04F79EFBC}") = "Assembly-CSharp-firstpass", "Assembly-CSharp-firstpass.csproj", "{D970C009-4E17-0C62-04E5-5627E80B2B18}"
EndProject
Project("{FAE04EC0-301F-11D3-BF4B-00C04F79EFBC}") = "ZibraAILiquid", "ZibraAILiquid.csproj", "{499C2CCE-CD25-C39B-94D0-ECD71B5B4882}"
EndProject
Project("{FAE04EC0-301F-11D3-BF4B-00C04F79EFBC}") = "ZibraAILiquid.Samples", "ZibraAILiquid.Samples.csproj", "{4CE91A1D-3542-8C1B-23F5-ACE2CF85CD1C}"
EndProject
Project("{FAE04EC0-301F-11D3-BF4B-00C04F79EFBC}") = "UniRx.Examples", "UniRx.Examples.csproj", "{A46B29C0-084F-885D-7FED-A693149E46B0}"
EndProject
Project("{FAE04EC0-301F-11D3-BF4B-00C04F79EFBC}") = "Assembly-CSharp-Editor", "Assembly-CSharp-Editor.csproj", "{0DFC007E-D512-2346-7175-0C8CEFA9AE17}"
EndProject
Project("{FAE04EC0-301F-11D3-BF4B-00C04F79EFBC}") = "ZibraAILiquid.Settings.Editor", "ZibraAILiquid.Settings.Editor.csproj", "{B0B054AE-94AE-26AD-6DE9-5C9805E56851}"
EndProject
Project("{FAE04EC0-301F-11D3-BF4B-00C04F79EFBC}") = "Assembly-CSharp-Editor-firstpass", "Assembly-CSharp-Editor-firstpass.csproj", "{82D71271-08A9-20A4-B7DA-E39AD647AF45}"
EndProject
Project("{FAE04EC0-301F-11D3-BF4B-00C04F79EFBC}") = "UMotionSourceApplication", "UMotionSourceApplication.csproj", "{4D3F5F3F-F919-60CE-8CA6-37769790CD30}"
EndProject
Project("{FAE04EC0-301F-11D3-BF4B-00C04F79EFBC}") = "ZibraAILiquid.Editor", "ZibraAILiquid.Editor.csproj", "{A1683F87-DAD5-EC60-39A3-DB9E8DEEFD5A}"
EndProject
Project("{FAE04EC0-301F-11D3-BF4B-00C04F79EFBC}") = "UMotionSourceEditor", "UMotionSourceEditor.csproj", "{86BA9B71-BBF6-FF28-FB00-7DEF789624D4}"
EndProject
Global
	GlobalSection(SolutionConfigurationPlatforms) = preSolution
		Debug|Any CPU = Debug|Any CPU
		Release|Any CPU = Release|Any CPU
	EndGlobalSection
	GlobalSection(ProjectConfigurationPlatforms) = postSolution
		{C8B43F5E-75EA-CDDD-F104-8CE38109F5BD}.Debug|Any CPU.ActiveCfg = Debug|Any CPU
		{C8B43F5E-75EA-CDDD-F104-8CE38109F5BD}.Debug|Any CPU.Build.0 = Debug|Any CPU
		{C8B43F5E-75EA-CDDD-F104-8CE38109F5BD}.Release|Any CPU.ActiveCfg = Release|Any CPU
		{C8B43F5E-75EA-CDDD-F104-8CE38109F5BD}.Release|Any CPU.Build.0 = Release|Any CPU
		{95F9519C-DB88-760A-62F1-136A763E52B9}.Debug|Any CPU.ActiveCfg = Debug|Any CPU
		{95F9519C-DB88-760A-62F1-136A763E52B9}.Debug|Any CPU.Build.0 = Debug|Any CPU
		{95F9519C-DB88-760A-62F1-136A763E52B9}.Release|Any CPU.ActiveCfg = Release|Any CPU
		{95F9519C-DB88-760A-62F1-136A763E52B9}.Release|Any CPU.Build.0 = Release|Any CPU
		{D970C009-4E17-0C62-04E5-5627E80B2B18}.Debug|Any CPU.ActiveCfg = Debug|Any CPU
		{D970C009-4E17-0C62-04E5-5627E80B2B18}.Debug|Any CPU.Build.0 = Debug|Any CPU
		{D970C009-4E17-0C62-04E5-5627E80B2B18}.Release|Any CPU.ActiveCfg = Release|Any CPU
		{D970C009-4E17-0C62-04E5-5627E80B2B18}.Release|Any CPU.Build.0 = Release|Any CPU
		{499C2CCE-CD25-C39B-94D0-ECD71B5B4882}.Debug|Any CPU.ActiveCfg = Debug|Any CPU
		{499C2CCE-CD25-C39B-94D0-ECD71B5B4882}.Debug|Any CPU.Build.0 = Debug|Any CPU
		{499C2CCE-CD25-C39B-94D0-ECD71B5B4882}.Release|Any CPU.ActiveCfg = Release|Any CPU
		{499C2CCE-CD25-C39B-94D0-ECD71B5B4882}.Release|Any CPU.Build.0 = Release|Any CPU
		{4CE91A1D-3542-8C1B-23F5-ACE2CF85CD1C}.Debug|Any CPU.ActiveCfg = Debug|Any CPU
		{4CE91A1D-3542-8C1B-23F5-ACE2CF85CD1C}.Debug|Any CPU.Build.0 = Debug|Any CPU
		{4CE91A1D-3542-8C1B-23F5-ACE2CF85CD1C}.Release|Any CPU.ActiveCfg = Release|Any CPU
		{4CE91A1D-3542-8C1B-23F5-ACE2CF85CD1C}.Release|Any CPU.Build.0 = Release|Any CPU
		{A46B29C0-084F-885D-7FED-A693149E46B0}.Debug|Any CPU.ActiveCfg = Debug|Any CPU
		{A46B29C0-084F-885D-7FED-A693149E46B0}.Debug|Any CPU.Build.0 = Debug|Any CPU
		{A46B29C0-084F-885D-7FED-A693149E46B0}.Release|Any CPU.ActiveCfg = Release|Any CPU
		{A46B29C0-084F-885D-7FED-A693149E46B0}.Release|Any CPU.Build.0 = Release|Any CPU
		{0DFC007E-D512-2346-7175-0C8CEFA9AE17}.Debug|Any CPU.ActiveCfg = Debug|Any CPU
		{0DFC007E-D512-2346-7175-0C8CEFA9AE17}.Debug|Any CPU.Build.0 = Debug|Any CPU
		{0DFC007E-D512-2346-7175-0C8CEFA9AE17}.Release|Any CPU.ActiveCfg = Release|Any CPU
		{0DFC007E-D512-2346-7175-0C8CEFA9AE17}.Release|Any CPU.Build.0 = Release|Any CPU
		{B0B054AE-94AE-26AD-6DE9-5C9805E56851}.Debug|Any CPU.ActiveCfg = Debug|Any CPU
		{B0B054AE-94AE-26AD-6DE9-5C9805E56851}.Debug|Any CPU.Build.0 = Debug|Any CPU
		{B0B054AE-94AE-26AD-6DE9-5C9805E56851}.Release|Any CPU.ActiveCfg = Release|Any CPU
		{B0B054AE-94AE-26AD-6DE9-5C9805E56851}.Release|Any CPU.Build.0 = Release|Any CPU
		{82D71271-08A9-20A4-B7DA-E39AD647AF45}.Debug|Any CPU.ActiveCfg = Debug|Any CPU
		{82D71271-08A9-20A4-B7DA-E39AD647AF45}.Debug|Any CPU.Build.0 = Debug|Any CPU
		{82D71271-08A9-20A4-B7DA-E39AD647AF45}.Release|Any CPU.ActiveCfg = Release|Any CPU
		{82D71271-08A9-20A4-B7DA-E39AD647AF45}.Release|Any CPU.Build.0 = Release|Any CPU
		{4D3F5F3F-F919-60CE-8CA6-37769790CD30}.Debug|Any CPU.ActiveCfg = Debug|Any CPU
		{4D3F5F3F-F919-60CE-8CA6-37769790CD30}.Debug|Any CPU.Build.0 = Debug|Any CPU
		{4D3F5F3F-F919-60CE-8CA6-37769790CD30}.Release|Any CPU.ActiveCfg = Release|Any CPU
		{4D3F5F3F-F919-60CE-8CA6-37769790CD30}.Release|Any CPU.Build.0 = Release|Any CPU
		{A1683F87-DAD5-EC60-39A3-DB9E8DEEFD5A}.Debug|Any CPU.ActiveCfg = Debug|Any CPU
		{A1683F87-DAD5-EC60-39A3-DB9E8DEEFD5A}.Debug|Any CPU.Build.0 = Debug|Any CPU
		{A1683F87-DAD5-EC60-39A3-DB9E8DEEFD5A}.Release|Any CPU.ActiveCfg = Release|Any CPU
		{A1683F87-DAD5-EC60-39A3-DB9E8DEEFD5A}.Release|Any CPU.Build.0 = Release|Any CPU
		{86BA9B71-BBF6-FF28-FB00-7DEF789624D4}.Debug|Any CPU.ActiveCfg = Debug|Any CPU
		{86BA9B71-BBF6-FF28-FB00-7DEF789624D4}.Debug|Any CPU.Build.0 = Debug|Any CPU
		{86BA9B71-BBF6-FF28-FB00-7DEF789624D4}.Release|Any CPU.ActiveCfg = Release|Any CPU
		{86BA9B71-BBF6-FF28-FB00-7DEF789624D4}.Release|Any CPU.Build.0 = Release|Any CPU
	EndGlobalSection
	GlobalSection(SolutionProperties) = preSolution
		HideSolutionNode = FALSE
	EndGlobalSection
EndGlobal
